
Microsoft Visual Studio Solution File, Format Version 12.00
# Visual Studio Version 16
VisualStudioVersion = 16.0.31729.503
MinimumVisualStudioVersion = 10.0.40219.1
Project("{FAE04EC0-301F-11D3-BF4B-00C04F79EFBC}") = "MobileTesting.Android", "MobileTesting\MobileTesting.Android\MobileTesting.Android.csproj", "{9C85E94F-37B4-45C4-9C9D-A3D089A2C07E}"
EndProject
Project("{FAE04EC0-301F-11D3-BF4B-00C04F79EFBC}") = "MobileTesting.iOS", "MobileTesting\MobileTesting.iOS\MobileTesting.iOS.csproj", "{9B834300-F145-4557-AA95-F0F53A60E1CA}"
EndProject
Project("{FAE04EC0-301F-11D3-BF4B-00C04F79EFBC}") = "MobileTesting", "MobileTesting\MobileTesting\MobileTesting.csproj", "{35025614-BF68-467A-AC6C-351DF27AD4F7}"
EndProject
Global
	GlobalSection(SolutionConfigurationPlatforms) = preSolution
		Debug|Any CPU = Debug|Any CPU
		Debug|iPhone = Debug|iPhone
		Debug|iPhoneSimulator = Debug|iPhoneSimulator
		Release|Any CPU = Release|Any CPU
		Release|iPhone = Release|iPhone
		Release|iPhoneSimulator = Release|iPhoneSimulator
	EndGlobalSection
	GlobalSection(ProjectConfigurationPlatforms) = postSolution
		{9C85E94F-37B4-45C4-9C9D-A3D089A2C07E}.Debug|Any CPU.ActiveCfg = Debug|Any CPU
		{9C85E94F-37B4-45C4-9C9D-A3D089A2C07E}.Debug|Any CPU.Build.0 = Debug|Any CPU
		{9C85E94F-37B4-45C4-9C9D-A3D089A2C07E}.Debug|Any CPU.Deploy.0 = Debug|Any CPU
		{9C85E94F-37B4-45C4-9C9D-A3D089A2C07E}.Debug|iPhone.ActiveCfg = Debug|Any CPU
		{9C85E94F-37B4-45C4-9C9D-A3D089A2C07E}.Debug|iPhone.Build.0 = Debug|Any CPU
		{9C85E94F-37B4-45C4-9C9D-A3D089A2C07E}.Debug|iPhone.Deploy.0 = Debug|Any CPU
		{9C85E94F-37B4-45C4-9C9D-A3D089A2C07E}.Debug|iPhoneSimulator.ActiveCfg = Debug|Any CPU
		{9C85E94F-37B4-45C4-9C9D-A3D089A2C07E}.Debug|iPhoneSimulator.Build.0 = Debug|Any CPU
		{9C85E94F-37B4-45C4-9C9D-A3D089A2C07E}.Debug|iPhoneSimulator.Deploy.0 = Debug|Any CPU
		{9C85E94F-37B4-45C4-9C9D-A3D089A2C07E}.Release|Any CPU.ActiveCfg = Release|Any CPU
		{9C85E94F-37B4-45C4-9C9D-A3D089A2C07E}.Release|Any CPU.Build.0 = Release|Any CPU
		{9C85E94F-37B4-45C4-9C9D-A3D089A2C07E}.Release|Any CPU.Deploy.0 = Release|Any CPU
		{9C85E94F-37B4-45C4-9C9D-A3D089A2C07E}.Release|iPhone.ActiveCfg = Release|Any CPU
		{9C85E94F-37B4-45C4-9C9D-A3D089A2C07E}.Release|iPhone.Build.0 = Release|Any CPU
		{9C85E94F-37B4-45C4-9C9D-A3D089A2C07E}.Release|iPhone.Deploy.0 = Release|Any CPU
		{9C85E94F-37B4-45C4-9C9D-A3D089A2C07E}.Release|iPhoneSimulator.ActiveCfg = Release|Any CPU
		{9C85E94F-37B4-45C4-9C9D-A3D089A2C07E}.Release|iPhoneSimulator.Build.0 = Release|Any CPU
		{9C85E94F-37B4-45C4-9C9D-A3D089A2C07E}.Release|iPhoneSimulator.Deploy.0 = Release|Any CPU
		{9B834300-F145-4557-AA95-F0F53A60E1CA}.Debug|Any CPU.ActiveCfg = Debug|iPhone
		{9B834300-F145-4557-AA95-F0F53A60E1CA}.Debug|Any CPU.Build.0 = Debug|iPhone
		{9B834300-F145-4557-AA95-F0F53A60E1CA}.Debug|Any CPU.Deploy.0 = Debug|iPhone
		{9B834300-F145-4557-AA95-F0F53A60E1CA}.Debug|iPhone.ActiveCfg = Debug|iPhone
		{9B834300-F145-4557-AA95-F0F53A60E1CA}.Debug|iPhone.Build.0 = Debug|iPhone
		{9B834300-F145-4557-AA95-F0F53A60E1CA}.Debug|iPhone.Deploy.0 = Debug|iPhone
		{9B834300-F145-4557-AA95-F0F53A60E1CA}.Debug|iPhoneSimulator.ActiveCfg = Debug|iPhoneSimulator
		{9B834300-F145-4557-AA95-F0F53A60E1CA}.Debug|iPhoneSimulator.Build.0 = Debug|iPhoneSimulator
		{9B834300-F145-4557-AA95-F0F53A60E1CA}.Debug|iPhoneSimulator.Deploy.0 = Debug|iPhoneSimulator
		{9B834300-F145-4557-AA95-F0F53A60E1CA}.Release|Any CPU.ActiveCfg = Release|iPhoneSimulator
		{9B834300-F145-4557-AA95-F0F53A60E1CA}.Release|Any CPU.Build.0 = Release|iPhoneSimulator
		{9B834300-F145-4557-AA95-F0F53A60E1CA}.Release|Any CPU.Deploy.0 = Release|iPhoneSimulator
		{9B834300-F145-4557-AA95-F0F53A60E1CA}.Release|iPhone.ActiveCfg = Release|iPhone
		{9B834300-F145-4557-AA95-F0F53A60E1CA}.Release|iPhone.Build.0 = Release|iPhone
		{9B834300-F145-4557-AA95-F0F53A60E1CA}.Release|iPhone.Deploy.0 = Release|iPhone
		{9B834300-F145-4557-AA95-F0F53A60E1CA}.Release|iPhoneSimulator.ActiveCfg = Release|iPhoneSimulator
		{9B834300-F145-4557-AA95-F0F53A60E1CA}.Release|iPhoneSimulator.Build.0 = Release|iPhoneSimulator
		{9B834300-F145-4557-AA95-F0F53A60E1CA}.Release|iPhoneSimulator.Deploy.0 = Release|iPhoneSimulator
		{35025614-BF68-467A-AC6C-351DF27AD4F7}.Debug|Any CPU.ActiveCfg = Debug|Any CPU
		{35025614-BF68-467A-AC6C-351DF27AD4F7}.Debug|Any CPU.Build.0 = Debug|Any CPU
		{35025614-BF68-467A-AC6C-351DF27AD4F7}.Debug|Any CPU.Deploy.0 = Debug|Any CPU
		{35025614-BF68-467A-AC6C-351DF27AD4F7}.Debug|iPhone.ActiveCfg = Debug|Any CPU
		{35025614-BF68-467A-AC6C-351DF27AD4F7}.Debug|iPhone.Build.0 = Debug|Any CPU
		{35025614-BF68-467A-AC6C-351DF27AD4F7}.Debug|iPhone.Deploy.0 = Debug|Any CPU
		{35025614-BF68-467A-AC6C-351DF27AD4F7}.Debug|iPhoneSimulator.ActiveCfg = Debug|Any CPU
		{35025614-BF68-467A-AC6C-351DF27AD4F7}.Debug|iPhoneSimulator.Build.0 = Debug|Any CPU
		{35025614-BF68-467A-AC6C-351DF27AD4F7}.Debug|iPhoneSimulator.Deploy.0 = Debug|Any CPU
		{35025614-BF68-467A-AC6C-351DF27AD4F7}.Release|Any CPU.ActiveCfg = Release|Any CPU
		{35025614-BF68-467A-AC6C-351DF27AD4F7}.Release|Any CPU.Build.0 = Release|Any CPU
		{35025614-BF68-467A-AC6C-351DF27AD4F7}.Release|Any CPU.Deploy.0 = Release|Any CPU
		{35025614-BF68-467A-AC6C-351DF27AD4F7}.Release|iPhone.ActiveCfg = Release|Any CPU
		{35025614-BF68-467A-AC6C-351DF27AD4F7}.Release|iPhone.Build.0 = Release|Any CPU
		{35025614-BF68-467A-AC6C-351DF27AD4F7}.Release|iPhone.Deploy.0 = Release|Any CPU
		{35025614-BF68-467A-AC6C-351DF27AD4F7}.Release|iPhoneSimulator.ActiveCfg = Release|Any CPU
		{35025614-BF68-467A-AC6C-351DF27AD4F7}.Release|iPhoneSimulator.Build.0 = Release|Any CPU
		{35025614-BF68-467A-AC6C-351DF27AD4F7}.Release|iPhoneSimulator.Deploy.0 = Release|Any CPU
	EndGlobalSection
	GlobalSection(SolutionProperties) = preSolution
		HideSolutionNode = FALSE
	EndGlobalSection
	GlobalSection(ExtensibilityGlobals) = postSolution
		SolutionGuid = {8F85A214-C063-481E-A5F7-E4CC4B019ED7}
	EndGlobalSection
EndGlobal
